{
    "_readme": [
        "This file locks the dependencies of your project to a known state",
        "Read more about it at http://getcomposer.org/doc/01-basic-usage.md#composer-lock-the-lock-file",
        "This file is @generated automatically"
    ],
    "hash": "6e63061f6be050e5e2179487b6b456e0",
    "packages": [
        {
            "name": "symfony/console",
            "version": "v2.5.0",
            "target-dir": "Symfony/Component/Console",
            "source": {
                "type": "git",
                "url": "https://github.com/symfony/Console.git",
                "reference": "ef4ca73b0b3a10cbac653d3ca482d0cdd4502b2c"
            },
            "dist": {
                "type": "zip",
                "url": "https://api.github.com/repos/symfony/Console/zipball/ef4ca73b0b3a10cbac653d3ca482d0cdd4502b2c",
                "reference": "ef4ca73b0b3a10cbac653d3ca482d0cdd4502b2c",
                "shasum": ""
            },
            "require": {
                "php": ">=5.3.3"
            },
            "require-dev": {
                "psr/log": "~1.0",
                "symfony/event-dispatcher": "~2.1"
            },
            "suggest": {
                "psr/log": "For using the console logger",
                "symfony/event-dispatcher": ""
            },
            "type": "library",
            "extra": {
                "branch-alias": {
                    "dev-master": "2.5-dev"
                }
            },
            "autoload": {
                "psr-0": {
                    "Symfony\\Component\\Console\\": ""
                }
            },
            "notification-url": "https://packagist.org/downloads/",
            "license": [
                "MIT"
            ],
            "authors": [
                {
                    "name": "Fabien Potencier",
                    "email": "fabien@symfony.com",
                    "homepage": "http://fabien.potencier.org",
                    "role": "Lead Developer"
                },
                {
                    "name": "Symfony Community",
                    "homepage": "http://symfony.com/contributors"
                }
            ],
            "description": "Symfony Console Component",
            "homepage": "http://symfony.com",
            "time": "2014-05-22 08:54:24"
        },
        {
            "name": "symfony/yaml",
            "version": "v2.3.2",
            "target-dir": "Symfony/Component/Yaml",
            "source": {
                "type": "git",
                "url": "https://github.com/symfony/Yaml.git",
                "reference": "d7e5b5a1e98c37f5cf4dd35fbaa2bfb03f524477"
            },
            "dist": {
                "type": "zip",
                "url": "https://api.github.com/repos/symfony/Yaml/zipball/d7e5b5a1e98c37f5cf4dd35fbaa2bfb03f524477",
                "reference": "d7e5b5a1e98c37f5cf4dd35fbaa2bfb03f524477",
                "shasum": ""
            },
            "require": {
                "php": ">=5.3.3"
            },
            "type": "library",
            "extra": {
                "branch-alias": {
                    "dev-master": "2.3-dev"
                }
            },
            "autoload": {
                "psr-0": {
                    "Symfony\\Component\\Yaml\\": ""
                }
            },
            "notification-url": "https://packagist.org/downloads/",
            "license": [
                "MIT"
            ],
            "authors": [
                {
                    "name": "Fabien Potencier",
                    "email": "fabien@symfony.com",
                    "homepage": "http://fabien.potencier.org",
                    "role": "Lead Developer"
                },
                {
                    "name": "Symfony Community",
                    "homepage": "http://symfony.com/contributors"
                }
            ],
            "description": "Symfony Yaml Component",
            "homepage": "http://symfony.com",
            "time": "2013-07-11 19:36:36"
        },
        {
            "name": "syringe/dependency-injection",
            "version": "dev-master",
            "target-dir": "Syringe/Component/DI",
            "source": {
                "type": "git",
                "url": "https://github.com/AgreGAD/Syringe.git",
                "reference": "f7160f32d7bde0eb1f9a802780f1d306e92833c2"
            },
            "dist": {
                "type": "zip",
                "url": "https://api.github.com/repos/AgreGAD/Syringe/zipball/f7160f32d7bde0eb1f9a802780f1d306e92833c2",
                "reference": "f7160f32d7bde0eb1f9a802780f1d306e92833c2",
                "shasum": ""
            },
            "require": {
                "php": ">=5.3.3",
                "symfony/yaml": "v2.3.2"
            },
            "type": "library",
            "autoload": {
                "psr-0": {
                    "Syringe\\Component\\DI\\": ""
                }
            },
            "notification-url": "https://packagist.org/downloads/",
            "license": [
                "MIT"
            ],
            "authors": [
                {
                    "name": "Marat Fakhertdinov",
                    "email": "marat.fakhertdinov@gmail.com"
                }
            ],
            "description": "Syringe Dependency Injection Component",
            "keywords": [
                "container",
                "dependency injection",
                "di",
                "ioc"
            ],
            "time": "2014-06-29 10:04:17"
        }
    ],
    "packages-dev": [

    ],
    "aliases": [

    ],
    "minimum-stability": "stable",
    "stability-flags": {
        "syringe/dependency-injection": 20
    },
    "platform": {
        "php": ">=5.3.3"
    },
    "platform-dev": [

    ]
}
